# THIS IS AN AUTOGENERATED FILE. DO NOT EDIT THIS FILE DIRECTLY.
# yarn lockfile v1


chroma-js@^2.0.3:
  version "2.0.3"
  resolved "https://registry.yarnpkg.com/chroma-js/-/chroma-js-2.0.3.tgz#2521d4f80c4e786e00064c4a62824e38ff6557c4"
  integrity sha512-2kTvZZOFSV1O81/rm99t9vmkh9jQxsHqsRRoZevDVz/VCC3yKMyPuMK8M5yHG+UMg2tV6cRoqtZtgcD92udcBw==

gsap@^2.1.2:
  version "2.1.2"
  resolved "https://registry.yarnpkg.com/gsap/-/gsap-2.1.2.tgz#2ad017608f883379e546d8bcc3046182083d4da2"
  integrity sha512-7saMzK2HQ3OD4/hbygtkh0uAK8LUqcom6abL4YqGttyxAQdEvywQOw5VK3obKQ7GaLU8KhszArKJPxIKe8mbvg==

mobx@^5.9.0:
  version "5.9.0"
  resolved "https://registry.yarnpkg.com/mobx/-/mobx-5.9.0.tgz#a08edd7132787f771409c9c33788a5df66ff7ce7"
  integrity sha512-D3mY1uM3H9BP5duk5tTanrOq92yqetYKsprPJWvkKDrbs+fro59xrpWX+vtr10YoLgJIFz+a4A8lI+4YtqmCUQ==

simplex-noise@^2.4.0:
  version "2.4.0"
  resolved "https://registry.yarnpkg.com/simplex-noise/-/simplex-noise-2.4.0.tgz#81b3458fb22dccc3bc8dd9a977c73797f86f523a"
  integrity sha512-OjyDWm/QZjVbMrPxDVi9b2as+SeNn9EBXlrWVRlFW+TSyWMSXouDryXkQN0vf5YP+QZKobrmkvx1eQYPLtuqfw==

three@^0.102.1:
  version "0.102.1"
  resolved "https://registry.yarnpkg.com/three/-/three-0.102.1.tgz#fc08b6b11860cf59e8cd45b7e90e34d1d1a8cbd6"
  integrity sha512-btHBdww/Es4vdBkB2GjTE9mpj0vy8tgtxkX7ne7uxySXV8zoGxWJv1N88BydxnCqvAfmD4ZUTqPeESO7oDgeOQ==
