# THIS IS AN AUTOGENERATED FILE. DO NOT EDIT THIS FILE DIRECTLY.
# yarn lockfile v1


"@expo/browser-polyfill@^0.1.0":
  version "0.1.0"
  resolved "https://registry.yarnpkg.com/@expo/browser-polyfill/-/browser-polyfill-0.1.0.tgz#225dc667b22f8b247fa11aa961537f3a43c4fe48"
  integrity sha512-L1Bc7R8F/Q+aiuA2z3s7QKqu5rxxY0ZlDVmB3pxAbB7CqTW3WX5e1e1Qg0Pxm1ZCjNhqgBQhTz9I0Tfaqc4d2g==
  dependencies:
    expo-2d-context "^0.0.2"
    fbemitter "^2.1.1"
    text-encoding "^0.7.0"
    xmldom-qsa "^1.0.3"

"@types/prop-types@*":
  version "15.7.3"
  resolved "https://registry.yarnpkg.com/@types/prop-types/-/prop-types-15.7.3.tgz#2ab0d5da2e5815f94b0b9d4b95d1e5f243ab2ca7"
  integrity sha512-KfRL3PuHmqQLOG+2tGpRO26Ctg+Cq1E01D2DMriKEATHgWLfeNDmq9e29Q9WIky0dQ3NPkd1mzYH8Lm936Z9qw==

"@types/react-native@^0.61.16":
  version "0.61.16"
  resolved "https://registry.yarnpkg.com/@types/react-native/-/react-native-0.61.16.tgz#8dc5f5d3fe0b2b4d1454bbc84641434c7afcdcf5"
  integrity sha512-S2g8w7AZHMBt+JkncuOXy9WjVShejdlbcaxxkE7Y/cbPNPHDQvkigqIRsFwUqRXH5u2MWER6qxEjej81l9kqZQ==
  dependencies:
    "@types/react" "*"

"@types/react@*":
  version "16.9.16"
  resolved "https://registry.yarnpkg.com/@types/react/-/react-16.9.16.tgz#4f12515707148b1f53a8eaa4341dae5dfefb066d"
  integrity sha512-dQ3wlehuBbYlfvRXfF5G+5TbZF3xqgkikK7DWAsQXe2KnzV+kjD4W2ea+ThCrKASZn9h98bjjPzoTYzfRqyBkw==
  dependencies:
    "@types/prop-types" "*"
    csstype "^2.2.0"

adaptive-bezier-curve@1.0.3:
  version "1.0.3"
  resolved "https://registry.yarnpkg.com/adaptive-bezier-curve/-/adaptive-bezier-curve-1.0.3.tgz#477577abe87d7280d46ca41649f6c22646fe8227"
  integrity sha1-R3V3q+h9coDUbKQWSfbCJkb+gic=

adaptive-quadratic-curve@1.0.2:
  version "1.0.2"
  resolved "https://registry.yarnpkg.com/adaptive-quadratic-curve/-/adaptive-quadratic-curve-1.0.2.tgz#65b4190fc5711698d24f0ae7bd5fea6cda90010d"
  integrity sha1-ZbQZD8VxFpjSTwrnvV/qbNqQAQ0=

asap@~2.0.3:
  version "2.0.6"
  resolved "https://registry.yarnpkg.com/asap/-/asap-2.0.6.tgz#e50347611d7e690943208bbdafebcbc2fb866d46"
  integrity sha1-5QNHYR1+aQlDIIu9r+vLwvuGbUY=

blueimp-md5@^2.10.0:
  version "2.12.0"
  resolved "https://registry.yarnpkg.com/blueimp-md5/-/blueimp-md5-2.12.0.tgz#be7367938a889dec3ffbb71138617c117e9c130a"
  integrity sha512-zo+HIdIhzojv6F1siQPqPFROyVy7C50KzHv/k/Iz+BtvtVzSHXiMXOpq2wCfNkeBqdCv+V8XOV96tsEt2W/3rQ==

buffer-alloc-unsafe@^1.1.0:
  version "1.1.0"
  resolved "https://registry.yarnpkg.com/buffer-alloc-unsafe/-/buffer-alloc-unsafe-1.1.0.tgz#bd7dc26ae2972d0eda253be061dba992349c19f0"
  integrity sha512-TEM2iMIEQdJ2yjPJoSIsldnleVaAk1oW3DBVUykyOLsEsFmEc9kn+SFFPz+gl54KQNxlDnAwCXosOS9Okx2xAg==

buffer-alloc@^1.1.0:
  version "1.2.0"
  resolved "https://registry.yarnpkg.com/buffer-alloc/-/buffer-alloc-1.2.0.tgz#890dd90d923a873e08e10e5fd51a57e5b7cce0ec"
  integrity sha512-CFsHQgjtW1UChdXgbyJGtnm+O/uLQeZdtbDo8mfUgYXCHSM1wgrVxXm6bSyrUuErEb+4sYVGCzASBRot7zyrow==
  dependencies:
    buffer-alloc-unsafe "^1.1.0"
    buffer-fill "^1.0.0"

buffer-fill@^1.0.0:
  version "1.0.0"
  resolved "https://registry.yarnpkg.com/buffer-fill/-/buffer-fill-1.0.0.tgz#f8f78b76789888ef39f205cd637f68e702122b2c"
  integrity sha1-+PeLdniYiO858gXNY39o5wISKyw=

color-convert@^1.9.3:
  version "1.9.3"
  resolved "https://registry.yarnpkg.com/color-convert/-/color-convert-1.9.3.tgz#bb71850690e1f136567de629d2d5471deda4c1e8"
  integrity sha512-QfAUtd+vFdAtFQcC8CCyYt1fYWxSqAiK2cSD6zDB8N3cpsEBAvRxp9zOGg6G/SHHJYAT88/az/IuDGALsNVbGg==
  dependencies:
    color-name "1.1.3"

color-name@1.1.3:
  version "1.1.3"
  resolved "https://registry.yarnpkg.com/color-name/-/color-name-1.1.3.tgz#a7d0558bd89c42f795dd42328f740831ca53bc25"
  integrity sha1-p9BVi9icQveV3UIyj3QIMcpTvCU=

color-temperature@0.2.7:
  version "0.2.7"
  resolved "https://registry.yarnpkg.com/color-temperature/-/color-temperature-0.2.7.tgz#6c32ad9dd9c0fe07ccf2d8680734781712332b40"
  integrity sha1-bDKtndnA/gfM8thoBzR4FxIzK0A=

core-js@^1.0.0:
  version "1.2.7"
  resolved "https://registry.yarnpkg.com/core-js/-/core-js-1.2.7.tgz#652294c14651db28fa93bd2d5ff2983a4f08c636"
  integrity sha1-ZSKUwUZR2yj6k70tX/KYOk8IxjY=

css-font-parser@0.2.3:
  version "0.2.3"
  resolved "https://registry.yarnpkg.com/css-font-parser/-/css-font-parser-0.2.3.tgz#9a391d2e47086be5401e47274e687ec06e238c0e"
  integrity sha512-QhdfNV+RjQLVg24d/ls4I8UrA/5WCeEfUmi1je8ISPr7RGZJXwWU2AwZpCiUmWuLZW7dKaB3ER0Bq1W9UhEUag==

csstype@^2.2.0:
  version "2.6.8"
  resolved "https://registry.yarnpkg.com/csstype/-/csstype-2.6.8.tgz#0fb6fc2417ffd2816a418c9336da74d7f07db431"
  integrity sha512-msVS9qTuMT5zwAGCVm4mxfrZ18BNc6Csd0oJAtiFMZ1FAx1CCvy2+5MDmYoix63LM/6NDbNtodCiGYGmFgO0dA==

domexception@1.0.1:
  version "1.0.1"
  resolved "https://registry.yarnpkg.com/domexception/-/domexception-1.0.1.tgz#937442644ca6a31261ef36e3ec677fe805582c90"
  integrity sha512-raigMkn7CJNNo6Ihro1fzG7wr3fHuYVytzquZKX5n0yizGsTcYgzdIUwj1X9pK0VvjeihV+XiclP+DjwbsSKug==
  dependencies:
    webidl-conversions "^4.0.2"

earcut@2.1.1:
  version "2.1.1"
  resolved "https://registry.yarnpkg.com/earcut/-/earcut-2.1.1.tgz#157634e5f3ebb42224e475016e86a5b6ce556b45"
  integrity sha1-FXY05fPrtCIk5HUBboalts5Va0U=

encoding@^0.1.11:
  version "0.1.12"
  resolved "https://registry.yarnpkg.com/encoding/-/encoding-0.1.12.tgz#538b66f3ee62cd1ab51ec323829d1f9480c74beb"
  integrity sha1-U4tm8+5izRq1HsMjgp0flIDHS+s=
  dependencies:
    iconv-lite "~0.4.13"

expo-2d-context@^0.0.2:
  version "0.0.2"
  resolved "https://registry.yarnpkg.com/expo-2d-context/-/expo-2d-context-0.0.2.tgz#7aeea5b146b3f7091ca7d17fcf7a713024ef82f5"
  integrity sha512-W4TCuTBXZgvAHhQ15u0fpQiBVw14u4vIDcUv/hk2PBA9a3HYav+1lQp2+dCXLM2DXUjV5T4POY+VlePBWBORhw==
  dependencies:
    adaptive-bezier-curve "1.0.3"
    adaptive-quadratic-curve "1.0.2"
    color-convert "^1.9.3"
    css-font-parser "0.2.3"
    domexception "1.0.1"
    earcut "2.1.1"
    gl-matrix "^2.4.0"
    parse-bmfont-ascii "1.0.6"
    string-format "0.5.0"
    tess2 "^1.0.0"

expo-asset-utils@^1.2.0:
  version "1.2.0"
  resolved "https://registry.yarnpkg.com/expo-asset-utils/-/expo-asset-utils-1.2.0.tgz#df52f8e8c836c343ad713a0044db79be69cfe64b"
  integrity sha512-06zVi5aXzyMq7SFiawxu2FUbpbVlxnE9W44cG4K5HyhLaqyRqss+o5MZMEGn8Ibd+008UiK7yCPy/bSpx2hVag==

expo-asset@^8.1.4:
  version "8.1.4"
  resolved "https://registry.yarnpkg.com/expo-asset/-/expo-asset-8.1.4.tgz#5265c28c1c279b2f9779269195bec4caf250ba5d"
  integrity sha512-6YqW22F5issD1rgqBCja8TCA2dr+yf/89FdYs/jhQYpw5OJAnAvfpK3GL8h3jRCu1TvxZqhH5NeLG6f2b3oUqg==
  dependencies:
    blueimp-md5 "^2.10.0"
    invariant "^2.2.4"
    md5-file "^3.2.3"
    path-browserify "^1.0.0"
    url-parse "^1.4.4"

expo-gl-cpp@~8.1.0:
  version "8.1.0"
  resolved "https://registry.yarnpkg.com/expo-gl-cpp/-/expo-gl-cpp-8.1.0.tgz#537ff7702db5b71d68f8128c033627cfa363c911"
  integrity sha512-LFc+R+0HVBxSk+9gCVQm5wmKCdmUfdqzq9ReYYg2b74+ZN3zvBGCLCOFI0R5YyReaUb7aCpAk+SqvG6X0b3D4w==

expo-gl@^8.1.0:
  version "8.1.0"
  resolved "https://registry.yarnpkg.com/expo-gl/-/expo-gl-8.1.0.tgz#1dd25bbfd239fa223aa7074dd6cccd7cc044e75f"
  integrity sha512-aCkS7uCR1apD6WH7qqbpRJTie4qQyWClGj7LQ67B3Mm6jNyfOS4OvxxS5Y980lFZWmePguCWzft0c0/bMGTdMw==
  dependencies:
    expo-gl-cpp "~8.1.0"
    prop-types "^15.7.2"

expo-three@^5.4.0:
  version "5.4.0"
  resolved "https://registry.yarnpkg.com/expo-three/-/expo-three-5.4.0.tgz#08bd22b1e21faca319cd74ab124eddb30d44dc37"
  integrity sha512-9imFiM1MGET1ebZ3T+Iw0hDdvMLiL1w6GoChHPY3bN3w7DBsYZjJ9tp1ferMv7jCoPRCrTN8Y7PhAbs3SzUZug==
  dependencies:
    "@expo/browser-polyfill" "^0.1.0"
    color-temperature "0.2.7"
    expo-asset-utils "^1.2.0"

fbemitter@^2.1.1:
  version "2.1.1"
  resolved "https://registry.yarnpkg.com/fbemitter/-/fbemitter-2.1.1.tgz#523e14fdaf5248805bb02f62efc33be703f51865"
  integrity sha1-Uj4U/a9SSIBbsC9i78M75wP1GGU=
  dependencies:
    fbjs "^0.8.4"

fbjs@^0.8.4:
  version "0.8.17"
  resolved "https://registry.yarnpkg.com/fbjs/-/fbjs-0.8.17.tgz#c4d598ead6949112653d6588b01a5cdcd9f90fdd"
  integrity sha1-xNWY6taUkRJlPWWIsBpc3Nn5D90=
  dependencies:
    core-js "^1.0.0"
    isomorphic-fetch "^2.1.1"
    loose-envify "^1.0.0"
    object-assign "^4.1.0"
    promise "^7.1.1"
    setimmediate "^1.0.5"
    ua-parser-js "^0.7.18"

gl-matrix@^2.4.0:
  version "2.8.1"
  resolved "https://registry.yarnpkg.com/gl-matrix/-/gl-matrix-2.8.1.tgz#1c7873448eac61d2cd25803a074e837bd42581a3"
  integrity sha512-0YCjVpE3pS5XWlN3J4X7AiAx65+nqAI54LndtVFnQZB6G/FVLkZH8y8V6R3cIoOQR4pUdfwQGd1iwyoXHJ4Qfw==

iconv-lite@~0.4.13:
  version "0.4.24"
  resolved "https://registry.yarnpkg.com/iconv-lite/-/iconv-lite-0.4.24.tgz#2022b4b25fbddc21d2f524974a474aafe733908b"
  integrity sha512-v3MXnZAcvnywkTUEZomIActle7RXXeedOR31wwl7VlyoXO4Qi9arvSenNQWne1TcRwhCL1HwLI21bEqdpj8/rA==
  dependencies:
    safer-buffer ">= 2.1.2 < 3"

invariant@^2.2.4:
  version "2.2.4"
  resolved "https://registry.yarnpkg.com/invariant/-/invariant-2.2.4.tgz#610f3c92c9359ce1db616e538008d23ff35158e6"
  integrity sha512-phJfQVBuaJM5raOpJjSfkiD6BpbCE4Ns//LaXl6wGYtUBY83nWS6Rf9tXm2e8VaK60JEjYldbPif/A2B1C2gNA==
  dependencies:
    loose-envify "^1.0.0"

is-stream@^1.0.1:
  version "1.1.0"
  resolved "https://registry.yarnpkg.com/is-stream/-/is-stream-1.1.0.tgz#12d4a3dd4e68e0b79ceb8dbc84173ae80d91ca44"
  integrity sha1-EtSj3U5o4Lec6428hBc66A2RykQ=

isomorphic-fetch@^2.1.1:
  version "2.2.1"
  resolved "https://registry.yarnpkg.com/isomorphic-fetch/-/isomorphic-fetch-2.2.1.tgz#611ae1acf14f5e81f729507472819fe9733558a9"
  integrity sha1-YRrhrPFPXoH3KVB0coGf6XM1WKk=
  dependencies:
    node-fetch "^1.0.1"
    whatwg-fetch ">=0.10.0"

"js-tokens@^3.0.0 || ^4.0.0":
  version "4.0.0"
  resolved "https://registry.yarnpkg.com/js-tokens/-/js-tokens-4.0.0.tgz#19203fb59991df98e3a287050d4647cdeaf32499"
  integrity sha512-RdJUflcE3cUzKiMqQgsCu06FPu9UdIJO0beYbPhHN4k6apgJtifcoCtT9bcxOpYBtpD2kCM6Sbzg4CausW/PKQ==

loose-envify@^1.0.0, loose-envify@^1.4.0:
  version "1.4.0"
  resolved "https://registry.yarnpkg.com/loose-envify/-/loose-envify-1.4.0.tgz#71ee51fa7be4caec1a63839f7e682d8132d30caf"
  integrity sha512-lyuxPGr/Wfhrlem2CL/UcnUc1zcqKAImBDzukY7Y5F/yQiNdko6+fRLevlw1HgMySw7f611UIY408EtxRSoK3Q==
  dependencies:
    js-tokens "^3.0.0 || ^4.0.0"

md5-file@^3.2.3:
  version "3.2.3"
  resolved "https://registry.yarnpkg.com/md5-file/-/md5-file-3.2.3.tgz#f9bceb941eca2214a4c0727f5e700314e770f06f"
  integrity sha512-3Tkp1piAHaworfcCgH0jKbTvj1jWWFgbvh2cXaNCgHwyTCBxxvD1Y04rmfpvdPm1P4oXMOpm6+2H7sr7v9v8Fw==
  dependencies:
    buffer-alloc "^1.1.0"

node-fetch@^1.0.1:
  version "1.7.3"
  resolved "https://registry.yarnpkg.com/node-fetch/-/node-fetch-1.7.3.tgz#980f6f72d85211a5347c6b2bc18c5b84c3eb47ef"
  integrity sha512-NhZ4CsKx7cYm2vSrBAr2PvFOe6sWDf0UYLRqA6svUYg7+/TSfVAu49jYC4BvQ4Sms9SZgdqGBgroqfDhJdTyKQ==
  dependencies:
    encoding "^0.1.11"
    is-stream "^1.0.1"

nwmatcher@^1.4.1:
  version "1.4.4"
  resolved "https://registry.yarnpkg.com/nwmatcher/-/nwmatcher-1.4.4.tgz#2285631f34a95f0d0395cd900c96ed39b58f346e"
  integrity sha512-3iuY4N5dhgMpCUrOVnuAdGrgxVqV2cJpM+XNccjR2DKOB1RUP0aA+wGXEiNziG/UKboFyGBIoKOaNlJxx8bciQ==

object-assign@^4.1.0, object-assign@^4.1.1:
  version "4.1.1"
  resolved "https://registry.yarnpkg.com/object-assign/-/object-assign-4.1.1.tgz#2109adc7965887cfc05cbbd442cac8bfbb360863"
  integrity sha1-IQmtx5ZYh8/AXLvUQsrIv7s2CGM=

parse-bmfont-ascii@1.0.6:
  version "1.0.6"
  resolved "https://registry.yarnpkg.com/parse-bmfont-ascii/-/parse-bmfont-ascii-1.0.6.tgz#11ac3c3ff58f7c2020ab22769079108d4dfa0285"
  integrity sha1-Eaw8P/WPfCAgqyJ2kHkQjU36AoU=

path-browserify@^1.0.0:
  version "1.0.0"
  resolved "https://registry.yarnpkg.com/path-browserify/-/path-browserify-1.0.0.tgz#40702a97af46ae00b0ea6fa8998c0b03c0af160d"
  integrity sha512-Hkavx/nY4/plImrZPHRk2CL9vpOymZLgEbMNX1U0bjcBL7QN9wODxyx0yaMZURSQaUtSEvDrfAvxa9oPb0at9g==

promise@^7.1.1:
  version "7.3.1"
  resolved "https://registry.yarnpkg.com/promise/-/promise-7.3.1.tgz#064b72602b18f90f29192b8b1bc418ffd1ebd3bf"
  integrity sha512-nolQXZ/4L+bP/UGlkfaIujX9BKxGwmQ9OT4mOt5yvy8iK1h3wqTEJCijzGANTCCl9nWjY41juyAn2K3Q1hLLTg==
  dependencies:
    asap "~2.0.3"

prop-types@^15.7.2:
  version "15.7.2"
  resolved "https://registry.yarnpkg.com/prop-types/-/prop-types-15.7.2.tgz#52c41e75b8c87e72b9d9360e0206b99dcbffa6c5"
  integrity sha512-8QQikdH7//R2vurIJSutZ1smHYTcLpRWEOlHnzcWHmBYrOGUysKwSsrC89BCiFj3CbrfJ/nXFdJepOVrY1GCHQ==
  dependencies:
    loose-envify "^1.4.0"
    object-assign "^4.1.1"
    react-is "^16.8.1"

querystringify@^2.1.1:
  version "2.1.1"
  resolved "https://registry.yarnpkg.com/querystringify/-/querystringify-2.1.1.tgz#60e5a5fd64a7f8bfa4d2ab2ed6fdf4c85bad154e"
  integrity sha512-w7fLxIRCRT7U8Qu53jQnJyPkYZIaR4n5151KMfcJlO/A9397Wxb1amJvROTK6TOnp7PfoAmg/qXiNHI+08jRfA==

react-is@^16.8.1:
  version "16.12.0"
  resolved "https://registry.yarnpkg.com/react-is/-/react-is-16.12.0.tgz#2cc0fe0fba742d97fd527c42a13bec4eeb06241c"
  integrity sha512-rPCkf/mWBtKc97aLL9/txD8DZdemK0vkA3JMLShjlJB3Pj3s+lpf1KaBzMfQrAmhMQB0n1cU/SUGgKKBCe837Q==

requires-port@^1.0.0:
  version "1.0.0"
  resolved "https://registry.yarnpkg.com/requires-port/-/requires-port-1.0.0.tgz#925d2601d39ac485e091cf0da5c6e694dc3dcaff"
  integrity sha1-kl0mAdOaxIXgkc8NpcbmlNw9yv8=

"safer-buffer@>= 2.1.2 < 3":
  version "2.1.2"
  resolved "https://registry.yarnpkg.com/safer-buffer/-/safer-buffer-2.1.2.tgz#44fa161b0187b9549dd84bb91802f9bd8385cd6a"
  integrity sha512-YZo3K82SD7Riyi0E1EQPojLz7kpepnSQI9IyPbHHg1XXXevb5dJI7tpyN2ADxGcQbHG7vcyRHk0cbwqcQriUtg==

setimmediate@^1.0.5:
  version "1.0.5"
  resolved "https://registry.yarnpkg.com/setimmediate/-/setimmediate-1.0.5.tgz#290cbb232e306942d7d7ea9b83732ab7856f8285"
  integrity sha1-KQy7Iy4waULX1+qbg3Mqt4VvgoU=

string-format@0.5.0:
  version "0.5.0"
  resolved "https://registry.yarnpkg.com/string-format/-/string-format-0.5.0.tgz#bfc4a69a250f17f273d97336797daf5dca6ecf30"
  integrity sha1-v8SmmiUPF/Jz2XM2eX2vXcpuzzA=

tess2@^1.0.0:
  version "1.0.0"
  resolved "https://registry.yarnpkg.com/tess2/-/tess2-1.0.0.tgz#2e2eb21822294061b83d46cbaefdd09d86ddf593"
  integrity sha1-Li6yGCIpQGG4PUbLrv3QnYbd9ZM=

text-encoding@^0.7.0:
  version "0.7.0"
  resolved "https://registry.yarnpkg.com/text-encoding/-/text-encoding-0.7.0.tgz#f895e836e45990624086601798ea98e8f36ee643"
  integrity sha512-oJQ3f1hrOnbRLOcwKz0Liq2IcrvDeZRHXhd9RgLrsT+DjWY/nty1Hi7v3dtkaEYbPYe0mUoOfzRrMwfXXwgPUA==

ua-parser-js@^0.7.18:
  version "0.7.20"
  resolved "https://registry.yarnpkg.com/ua-parser-js/-/ua-parser-js-0.7.20.tgz#7527178b82f6a62a0f243d1f94fd30e3e3c21098"
  integrity sha512-8OaIKfzL5cpx8eCMAhhvTlft8GYF8b2eQr6JkCyVdrgjcytyOmPCXrqXFcUnhonRpLlh5yxEZVohm6mzaowUOw==

url-parse@^1.4.4:
  version "1.4.7"
  resolved "https://registry.yarnpkg.com/url-parse/-/url-parse-1.4.7.tgz#a8a83535e8c00a316e403a5db4ac1b9b853ae278"
  integrity sha512-d3uaVyzDB9tQoSXFvuSUNFibTd9zxd2bkVrDRvF5TmvWWQwqE4lgYJ5m+x1DbecWkw+LK4RNl2CU1hHuOKPVlg==
  dependencies:
    querystringify "^2.1.1"
    requires-port "^1.0.0"

webidl-conversions@^4.0.2:
  version "4.0.2"
  resolved "https://registry.yarnpkg.com/webidl-conversions/-/webidl-conversions-4.0.2.tgz#a855980b1f0b6b359ba1d5d9fb39ae941faa63ad"
  integrity sha512-YQ+BmxuTgd6UXZW3+ICGfyqRyHXVlD5GtQr5+qjiNW7bF0cqrzX500HVXPBOvgXb5YnzDd+h0zqyv61KUD7+Sg==

whatwg-fetch@>=0.10.0:
  version "3.0.0"
  resolved "https://registry.yarnpkg.com/whatwg-fetch/-/whatwg-fetch-3.0.0.tgz#fc804e458cc460009b1a2b966bc8817d2578aefb"
  integrity sha512-9GSJUgz1D4MfyKU7KRqwOjXCXTqWdFNvEr7eUBYchQiVc744mqK/MzXPNR2WsPkmkOa4ywfg8C2n8h+13Bey1Q==

xmldom-qsa@^1.0.3:
  version "1.0.3"
  resolved "https://registry.yarnpkg.com/xmldom-qsa/-/xmldom-qsa-1.0.3.tgz#3b70a440997982aa323f911a8b8c3c7db6a6ff1f"
  integrity sha1-O3CkQJl5gqoyP5Eai4w8fbam/x8=
  dependencies:
    nwmatcher "^1.4.1"
